
Microsoft Visual Studio Solution File, Format Version 12.00
# Visual Studio 15
VisualStudioVersion = 15.0.27703.2018
MinimumVisualStudioVersion = 10.0.40219.1
Project("{FAE04EC0-301F-11D3-BF4B-00C04F79EFBC}") = "POCOMapper", "POCOMapper\POCOMapper.csproj", "{908E1833-28EA-4D71-8425-157A34E0A283}"
EndProject
Project("{FAE04EC0-301F-11D3-BF4B-00C04F79EFBC}") = "POCOMapper.Test", "POCOMapper.Test\POCOMapper.Test.csproj", "{909A4948-D5FF-4623-B820-8F341AB90797}"
EndProject
Project("{7CF6DF6D-3B04-46F8-A40B-537D21BCA0B4}") = "POCOMapper.Documentation", "POCOMapper.Documentation\POCOMapper.Documentation.shfbproj", "{33F37C47-A7BD-4E10-A4AC-DB4ED7CF10D6}"
EndProject
Global
	GlobalSection(SolutionConfigurationPlatforms) = preSolution
		Debug|Any CPU = Debug|Any CPU
		Debug|Mixed Platforms = Debug|Mixed Platforms
		Debug|x86 = Debug|x86
		Release|Any CPU = Release|Any CPU
		Release|Mixed Platforms = Release|Mixed Platforms
		Release|x86 = Release|x86
	EndGlobalSection
	GlobalSection(ProjectConfigurationPlatforms) = postSolution
		{908E1833-28EA-4D71-8425-157A34E0A283}.Debug|Any CPU.ActiveCfg = Debug|Any CPU
		{908E1833-28EA-4D71-8425-157A34E0A283}.Debug|Any CPU.Build.0 = Debug|Any CPU
		{908E1833-28EA-4D71-8425-157A34E0A283}.Debug|Mixed Platforms.ActiveCfg = Debug|Any CPU
		{908E1833-28EA-4D71-8425-157A34E0A283}.Debug|Mixed Platforms.Build.0 = Debug|Any CPU
		{908E1833-28EA-4D71-8425-157A34E0A283}.Debug|x86.ActiveCfg = Debug|Any CPU
		{908E1833-28EA-4D71-8425-157A34E0A283}.Release|Any CPU.ActiveCfg = Release|Any CPU
		{908E1833-28EA-4D71-8425-157A34E0A283}.Release|Any CPU.Build.0 = Release|Any CPU
		{908E1833-28EA-4D71-8425-157A34E0A283}.Release|Mixed Platforms.ActiveCfg = Release|Any CPU
		{908E1833-28EA-4D71-8425-157A34E0A283}.Release|Mixed Platforms.Build.0 = Release|Any CPU
		{908E1833-28EA-4D71-8425-157A34E0A283}.Release|x86.ActiveCfg = Release|Any CPU
		{909A4948-D5FF-4623-B820-8F341AB90797}.Debug|Any CPU.ActiveCfg = Debug|Any CPU
		{909A4948-D5FF-4623-B820-8F341AB90797}.Debug|Any CPU.Build.0 = Debug|Any CPU
		{909A4948-D5FF-4623-B820-8F341AB90797}.Debug|Mixed Platforms.ActiveCfg = Debug|Any CPU
		{909A4948-D5FF-4623-B820-8F341AB90797}.Debug|Mixed Platforms.Build.0 = Debug|Any CPU
		{909A4948-D5FF-4623-B820-8F341AB90797}.Debug|x86.ActiveCfg = Debug|Any CPU
		{909A4948-D5FF-4623-B820-8F341AB90797}.Release|Any CPU.ActiveCfg = Release|Any CPU
		{909A4948-D5FF-4623-B820-8F341AB90797}.Release|Any CPU.Build.0 = Release|Any CPU
		{909A4948-D5FF-4623-B820-8F341AB90797}.Release|Mixed Platforms.ActiveCfg = Release|Any CPU
		{909A4948-D5FF-4623-B820-8F341AB90797}.Release|Mixed Platforms.Build.0 = Release|Any CPU
		{909A4948-D5FF-4623-B820-8F341AB90797}.Release|x86.ActiveCfg = Release|Any CPU
		{33F37C47-A7BD-4E10-A4AC-DB4ED7CF10D6}.Debug|Any CPU.ActiveCfg = Debug|Any CPU
		{33F37C47-A7BD-4E10-A4AC-DB4ED7CF10D6}.Debug|Any CPU.Build.0 = Debug|Any CPU
		{33F37C47-A7BD-4E10-A4AC-DB4ED7CF10D6}.Debug|Mixed Platforms.ActiveCfg = Debug|Any CPU
		{33F37C47-A7BD-4E10-A4AC-DB4ED7CF10D6}.Debug|x86.ActiveCfg = Debug|Any CPU
		{33F37C47-A7BD-4E10-A4AC-DB4ED7CF10D6}.Release|Any CPU.ActiveCfg = Release|Any CPU
		{33F37C47-A7BD-4E10-A4AC-DB4ED7CF10D6}.Release|Any CPU.Build.0 = Release|Any CPU
		{33F37C47-A7BD-4E10-A4AC-DB4ED7CF10D6}.Release|Mixed Platforms.ActiveCfg = Release|Any CPU
		{33F37C47-A7BD-4E10-A4AC-DB4ED7CF10D6}.Release|Mixed Platforms.Build.0 = Release|Any CPU
		{33F37C47-A7BD-4E10-A4AC-DB4ED7CF10D6}.Release|x86.ActiveCfg = Release|Any CPU
	EndGlobalSection
	GlobalSection(SolutionProperties) = preSolution
		HideSolutionNode = FALSE
	EndGlobalSection
	GlobalSection(ExtensibilityGlobals) = postSolution
		SolutionGuid = {128D0D30-C5DC-4C50-9D60-1570D9B51BAB}
	EndGlobalSection
	GlobalSection(SubversionScc) = preSolution
		Svn-Managed = True
		Manager = AnkhSVN - Subversion Support for Visual Studio
	EndGlobalSection
EndGlobal
